// !$*UTF8*$!
{
	archiveVersion = 1;
	classes = {
	};
	objectVersion = 50;
	objects = {

/* Begin PBXBuildFile section */
		542DA411258358B000E033E1 /* AppDelegate.swift in Sources */ = {isa = PBXBuildFile; fileRef = 542DA410258358B000E033E1 /* AppDelegate.swift */; };
		542DA413258358B000E033E1 /* SceneDelegate.swift in Sources */ = {isa = PBXBuildFile; fileRef = 542DA412258358B000E033E1 /* SceneDelegate.swift */; };
		542DA418258358B000E033E1 /* Main.storyboard in Resources */ = {isa = PBXBuildFile; fileRef = 542DA416258358B000E033E1 /* Main.storyboard */; };
		542DA41A258358B100E033E1 /* Assets.xcassets in Resources */ = {isa = PBXBuildFile; fileRef = 542DA419258358B100E033E1 /* Assets.xcassets */; };
		542DA41D258358B100E033E1 /* LaunchScreen.storyboard in Resources */ = {isa = PBXBuildFile; fileRef = 542DA41B258358B100E033E1 /* LaunchScreen.storyboard */; };
		542DA4262583591600E033E1 /* MainViewController.swift in Sources */ = {isa = PBXBuildFile; fileRef = 542DA4252583591600E033E1 /* MainViewController.swift */; };
		542DA42925835AC500E033E1 /* Service.swift in Sources */ = {isa = PBXBuildFile; fileRef = 542DA42825835AC500E033E1 /* Service.swift */; };
		542DA43125835B3C00E033E1 /* SearchResult.swift in Sources */ = {isa = PBXBuildFile; fileRef = 542DA43025835B3C00E033E1 /* SearchResult.swift */; };
/* End PBXBuildFile section */

/* Begin PBXFileReference section */
		542DA40D258358B000E033E1 /* GitHubSerachList.app */ = {isa = PBXFileReference; explicitFileType = wrapper.application; includeInIndex = 0; path = GitHubSerachList.app; sourceTree = BUILT_PRODUCTS_DIR; };
		542DA410258358B000E033E1 /* AppDelegate.swift */ = {isa = PBXFileReference; lastKnownFileType = sourcecode.swift; path = AppDelegate.swift; sourceTree = "<group>"; };
		542DA412258358B000E033E1 /* SceneDelegate.swift */ = {isa = PBXFileReference; lastKnownFileType = sourcecode.swift; path = SceneDelegate.swift; sourceTree = "<group>"; };
		542DA417258358B000E033E1 /* Base */ = {isa = PBXFileReference; lastKnownFileType = file.storyboard; name = Base; path = Base.lproj/Main.storyboard; sourceTree = "<group>"; };
		542DA419258358B100E033E1 /* Assets.xcassets */ = {isa = PBXFileReference; lastKnownFileType = folder.assetcatalog; path = Assets.xcassets; sourceTree = "<group>"; };
		542DA41C258358B100E033E1 /* Base */ = {isa = PBXFileReference; lastKnownFileType = file.storyboard; name = Base; path = Base.lproj/LaunchScreen.storyboard; sourceTree = "<group>"; };
		542DA41E258358B100E033E1 /* Info.plist */ = {isa = PBXFileReference; lastKnownFileType = text.plist.xml; path = Info.plist; sourceTree = "<group>"; };
		542DA4252583591600E033E1 /* MainViewController.swift */ = {isa = PBXFileReference; lastKnownFileType = sourcecode.swift; path = MainViewController.swift; sourceTree = "<group>"; };
		542DA42825835AC500E033E1 /* Service.swift */ = {isa = PBXFileReference; lastKnownFileType = sourcecode.swift; path = Service.swift; sourceTree = "<group>"; };
		542DA43025835B3C00E033E1 /* SearchResult.swift */ = {isa = PBXFileReference; lastKnownFileType = sourcecode.swift; path = SearchResult.swift; sourceTree = "<group>"; };
/* End PBXFileReference section */

/* Begin PBXFrameworksBuildPhase section */
		542DA40A258358B000E033E1 /* Frameworks */ = {
			isa = PBXFrameworksBuildPhase;
			buildActionMask = 2147483647;
			files = (
			);
			runOnlyForDeploymentPostprocessing = 0;
		};
/* End PBXFrameworksBuildPhase section */

/* Begin PBXGroup section */
		542DA404258358B000E033E1 = {
			isa = PBXGroup;
			children = (
				542DA40F258358B000E033E1 /* GitHubSerachList */,
				542DA40E258358B000E033E1 /* Products */,
			);
			sourceTree = "<group>";
		};
		542DA40E258358B000E033E1 /* Products */ = {
			isa = PBXGroup;
			children = (
				542DA40D258358B000E033E1 /* GitHubSerachList.app */,
			);
			name = Products;
			sourceTree = "<group>";
		};
		542DA40F258358B000E033E1 /* GitHubSerachList */ = {
			isa = PBXGroup;
			children = (
				542DA42D25835B2300E033E1 /* Models */,
				542DA42725835A9D00E033E1 /* Networking */,
				542DA4242583590B00E033E1 /* Controllers */,
				542DA410258358B000E033E1 /* AppDelegate.swift */,
				542DA412258358B000E033E1 /* SceneDelegate.swift */,
				542DA416258358B000E033E1 /* Main.storyboard */,
				542DA419258358B100E033E1 /* Assets.xcassets */,
				542DA41B258358B100E033E1 /* LaunchScreen.storyboard */,
				542DA41E258358B100E033E1 /* Info.plist */,
			);
			path = GitHubSerachList;
			sourceTree = "<group>";
		};
		542DA4242583590B00E033E1 /* Controllers */ = {
			isa = PBXGroup;
			children = (
				542DA4252583591600E033E1 /* MainViewController.swift */,
			);
			path = Controllers;
			sourceTree = "<group>";
		};
		542DA42725835A9D00E033E1 /* Networking */ = {
			isa = PBXGroup;
			children = (
				542DA42825835AC500E033E1 /* Service.swift */,
			);
			path = Networking;
			sourceTree = "<group>";
		};
		542DA42D25835B2300E033E1 /* Models */ = {
			isa = PBXGroup;
			children = (
				542DA43025835B3C00E033E1 /* SearchResult.swift */,
			);
			path = Models;
			sourceTree = "<group>";
		};
/* End PBXGroup section */

/* Begin PBXNativeTarget section */
		542DA40C258358B000E033E1 /* GitHubSerachList */ = {
			isa = PBXNativeTarget;
			buildConfigurationList = 542DA421258358B100E033E1 /* Build configuration list for PBXNativeTarget "GitHubSerachList" */;
			buildPhases = (
				542DA409258358B000E033E1 /* Sources */,
				542DA40A258358B000E033E1 /* Frameworks */,
				542DA40B258358B000E033E1 /* Resources */,
			);
			buildRules = (
			);
			dependencies = (
			);
			name = GitHubSerachList;
			productName = GitHubSerachList;
			productReference = 542DA40D258358B000E033E1 /* GitHubSerachList.app */;
			productType = "com.apple.product-type.application";
		};
/* End PBXNativeTarget section */

/* Begin PBXProject section */
		542DA405258358B000E033E1 /* Project object */ = {
			isa = PBXProject;
			attributes = {
				LastSwiftUpdateCheck = 1170;
				LastUpgradeCheck = 1170;
				ORGANIZATIONNAME = "David";
				TargetAttributes = {
					542DA40C258358B000E033E1 = {
						CreatedOnToolsVersion = 11.7;
					};
				};
			};
			buildConfigurationList = 542DA408258358B000E033E1 /* Build configuration list for PBXProject "GitHubSerachList" */;
			compatibilityVersion = "Xcode 9.3";
			developmentRegion = en;
			hasScannedForEncodings = 0;
			knownRegions = (
				en,
				Base,
			);
			mainGroup = 542DA404258358B000E033E1;
			productRefGroup = 542DA40E258358B000E033E1 /* Products */;
			projectDirPath = "";
			projectRoot = "";
			targets = (
				542DA40C258358B000E033E1 /* GitHubSerachList */,
			);
		};
/* End PBXProject section */

/* Begin PBXResourcesBuildPhase section */
		542DA40B258358B000E033E1 /* Resources */ = {
			isa = PBXResourcesBuildPhase;
			buildActionMask = 2147483647;
			files = (
				542DA41D258358B100E033E1 /* LaunchScreen.storyboard in Resources */,
				542DA41A258358B100E033E1 /* Assets.xcassets in Resources */,
				542DA418258358B000E033E1 /* Main.storyboard in Resources */,
			);
			runOnlyForDeploymentPostprocessing = 0;
		};
/* End PBXResourcesBuildPhase section */

/* Begin PBXSourcesBuildPhase section */
		542DA409258358B000E033E1 /* Sources */ = {
			isa = PBXSourcesBuildPhase;
			buildActionMask = 2147483647;
			files = (
				542DA4262583591600E033E1 /* MainViewController.swift in Sources */,
				542DA42925835AC500E033E1 /* Service.swift in Sources */,
				542DA43125835B3C00E033E1 /* SearchResult.swift in Sources */,
				542DA411258358B000E033E1 /* AppDelegate.swift in Sources */,
				542DA413258358B000E033E1 /* SceneDelegate.swift in Sources */,
			);
			runOnlyForDeploymentPostprocessing = 0;
		};
/* End PBXSourcesBuildPhase section */

/* Begin PBXVariantGroup section */
		542DA416258358B000E033E1 /* Main.storyboard */ = {
			isa = PBXVariantGroup;
			children = (
				542DA417258358B000E033E1 /* Base */,
			);
			name = Main.storyboard;
			sourceTree = "<group>";
		};
		542DA41B258358B100E033E1 /* LaunchScreen.storyboard */ = {
			isa = PBXVariantGroup;
			children = (
				542DA41C258358B100E033E1 /* Base */,
			);
			name = LaunchScreen.storyboard;
			sourceTree = "<group>";
		};
/* End PBXVariantGroup section */

/* Begin XCBuildConfiguration section */
		542DA41F258358B100E033E1 /* Debug */ = {
			isa = XCBuildConfiguration;
			buildSettings = {
				ALWAYS_SEARCH_USER_PATHS = NO;
				CLANG_ANALYZER_NONNULL = YES;
				CLANG_ANALYZER_NUMBER_OBJECT_CONVERSION = YES_AGGRESSIVE;
				CLANG_CXX_LANGUAGE_STANDARD = "gnu++14";
				CLANG_CXX_LIBRARY = "libc++";
				CLANG_ENABLE_MODULES = YES;
				CLANG_ENABLE_OBJC_ARC = YES;
				CLANG_ENABLE_OBJC_WEAK = YES;
				CLANG_WARN_BLOCK_CAPTURE_AUTORELEASING = YES;
				CLANG_WARN_BOOL_CONVERSION = YES;
				CLANG_WARN_COMMA = YES;
				CLANG_WARN_CONSTANT_CONVERSION = YES;
				CLANG_WARN_DEPRECATED_OBJC_IMPLEMENTATIONS = YES;
				CLANG_WARN_DIRECT_OBJC_ISA_USAGE = YES_ERROR;
				CLANG_WARN_DOCUMENTATION_COMMENTS = YES;
				CLANG_WARN_EMPTY_BODY = YES;
				CLANG_WARN_ENUM_CONVERSION = YES;
				CLANG_WARN_INFINITE_RECURSION = YES;
				CLANG_WARN_INT_CONVERSION = YES;
				CLANG_WARN_NON_LITERAL_NULL_CONVERSION = YES;
				CLANG_WARN_OBJC_IMPLICIT_RETAIN_SELF = YES;
				CLANG_WARN_OBJC_LITERAL_CONVERSION = YES;
				CLANG_WARN_OBJC_ROOT_CLASS = YES_ERROR;
				CLANG_WARN_RANGE_LOOP_ANALYSIS = YES;
				CLANG_WARN_STRICT_PROTOTYPES = YES;
				CLANG_WARN_SUSPICIOUS_MOVE = YES;
				CLANG_WARN_UNGUARDED_AVAILABILITY = YES_AGGRESSIVE;
				CLANG_WARN_UNREACHABLE_CODE = YES;
				CLANG_WARN__DUPLICATE_METHOD_MATCH = YES;
				COPY_PHASE_STRIP = NO;
				DEBUG_INFORMATION_FORMAT = dwarf;
				ENABLE_STRICT_OBJC_MSGSEND = YES;
				ENABLE_TESTABILITY = YES;
				GCC_C_LANGUAGE_STANDARD = gnu11;
				GCC_DYNAMIC_NO_PIC = NO;
				GCC_NO_COMMON_BLOCKS = YES;
				GCC_OPTIMIZATION_LEVEL = 0;
				GCC_PREPROCESSOR_DEFINITIONS = (
					"DEBUG=1",
					"$(inherited)",
				);
				GCC_WARN_64_TO_32_BIT_CONVERSION = YES;
				GCC_WARN_ABOUT_RETURN_TYPE = YES_ERROR;
				GCC_WARN_UNDECLARED_SELECTOR = YES;
				GCC_WARN_UNINITIALIZED_AUTOS = YES_AGGRESSIVE;
				GCC_WARN_UNUSED_FUNCTION = YES;
				GCC_WARN_UNUSED_VARIABLE = YES;
				IPHONEOS_DEPLOYMENT_TARGET = 13.7;
				MTL_ENABLE_DEBUG_INFO = INCLUDE_SOURCE;
				MTL_FAST_MATH = YES;
				ONLY_ACTIVE_ARCH = YES;
				SDKROOT = iphoneos;
				SWIFT_ACTIVE_COMPILATION_CONDITIONS = DEBUG;
				SWIFT_OPTIMIZATION_LEVEL = "-Onone";
			};
			name = Debug;
		};
		542DA420258358B100E033E1 /* Release */ = {
			isa = XCBuildConfiguration;
			buildSettings = {
				ALWAYS_SEARCH_USER_PATHS = NO;
				CLANG_ANALYZER_NONNULL = YES;
				CLANG_ANALYZER_NUMBER_OBJECT_CONVERSION = YES_AGGRESSIVE;
				CLANG_CXX_LANGUAGE_STANDARD = "gnu++14";
				CLANG_CXX_LIBRARY = "libc++";
				CLANG_ENABLE_MODULES = YES;
				CLANG_ENABLE_OBJC_ARC = YES;
				CLANG_ENABLE_OBJC_WEAK = YES;
				CLANG_WARN_BLOCK_CAPTURE_AUTORELEASING = YES;
				CLANG_WARN_BOOL_CONVERSION = YES;
				CLANG_WARN_COMMA = YES;
				CLANG_WARN_CONSTANT_CONVERSION = YES;
				CLANG_WARN_DEPRECATED_OBJC_IMPLEMENTATIONS = YES;
				CLANG_WARN_DIRECT_OBJC_ISA_USAGE = YES_ERROR;
				CLANG_WARN_DOCUMENTATION_COMMENTS = YES;
				CLANG_WARN_EMPTY_BODY = YES;
				CLANG_WARN_ENUM_CONVERSION = YES;
				CLANG_WARN_INFINITE_RECURSION = YES;
				CLANG_WARN_INT_CONVERSION = YES;
				CLANG_WARN_NON_LITERAL_NULL_CONVERSION = YES;
				CLANG_WARN_OBJC_IMPLICIT_RETAIN_SELF = YES;
				CLANG_WARN_OBJC_LITERAL_CONVERSION = YES;
				CLANG_WARN_OBJC_ROOT_CLASS = YES_ERROR;
				CLANG_WARN_RANGE_LOOP_ANALYSIS = YES;
				CLANG_WARN_STRICT_PROTOTYPES = YES;
				CLANG_WARN_SUSPICIOUS_MOVE = YES;
				CLANG_WARN_UNGUARDED_AVAILABILITY = YES_AGGRESSIVE;
				CLANG_WARN_UNREACHABLE_CODE = YES;
				CLANG_WARN__DUPLICATE_METHOD_MATCH = YES;
				COPY_PHASE_STRIP = NO;
				DEBUG_INFORMATION_FORMAT = "dwarf-with-dsym";
				ENABLE_NS_ASSERTIONS = NO;
				ENABLE_STRICT_OBJC_MSGSEND = YES;
				GCC_C_LANGUAGE_STANDARD = gnu11;
				GCC_NO_COMMON_BLOCKS = YES;
				GCC_WARN_64_TO_32_BIT_CONVERSION = YES;
				GCC_WARN_ABOUT_RETURN_TYPE = YES_ERROR;
				GCC_WARN_UNDECLARED_SELECTOR = YES;
				GCC_WARN_UNINITIALIZED_AUTOS = YES_AGGRESSIVE;
				GCC_WARN_UNUSED_FUNCTION = YES;
				GCC_WARN_UNUSED_VARIABLE = YES;
				IPHONEOS_DEPLOYMENT_TARGET = 13.7;
				MTL_ENABLE_DEBUG_INFO = NO;
				MTL_FAST_MATH = YES;
				SDKROOT = iphoneos;
				SWIFT_COMPILATION_MODE = wholemodule;
				SWIFT_OPTIMIZATION_LEVEL = "-O";
				VALIDATE_PRODUCT = YES;
			};
			name = Release;
		};
		542DA422258358B100E033E1 /* Debug */ = {
			isa = XCBuildConfiguration;
			buildSettings = {
				ASSETCATALOG_COMPILER_APPICON_NAME = AppIcon;
				CODE_SIGN_STYLE = Automatic;
				DEVELOPMENT_TEAM = RNX3GY6LZ6;
				INFOPLIST_FILE = GitHubSerachList/Info.plist;
				LD_RUNPATH_SEARCH_PATHS = (
					"$(inherited)",
					"@executable_path/Frameworks",
				);
				PRODUCT_BUNDLE_IDENTIFIER = com.dvdlee.GitHubSerachList;
				PRODUCT_NAME = "$(TARGET_NAME)";
				SWIFT_VERSION = 5.0;
				TARGETED_DEVICE_FAMILY = "1,2";
			};
			name = Debug;
		};
		542DA423258358B100E033E1 /* Release */ = {
			isa = XCBuildConfiguration;
			buildSettings = {
				ASSETCATALOG_COMPILER_APPICON_NAME = AppIcon;
				CODE_SIGN_STYLE = Automatic;
				DEVELOPMENT_TEAM = RNX3GY6LZ6;
				INFOPLIST_FILE = GitHubSerachList/Info.plist;
				LD_RUNPATH_SEARCH_PATHS = (
					"$(inherited)",
					"@executable_path/Frameworks",
				);
				PRODUCT_BUNDLE_IDENTIFIER = com.dvdlee.GitHubSerachList;
				PRODUCT_NAME = "$(TARGET_NAME)";
				SWIFT_VERSION = 5.0;
				TARGETED_DEVICE_FAMILY = "1,2";
			};
			name = Release;
		};
/* End XCBuildConfiguration section */

/* Begin XCConfigurationList section */
		542DA408258358B000E033E1 /* Build configuration list for PBXProject "GitHubSerachList" */ = {
			isa = XCConfigurationList;
			buildConfigurations = (
				542DA41F258358B100E033E1 /* Debug */,
				542DA420258358B100E033E1 /* Release */,
			);
			defaultConfigurationIsVisible = 0;
			defaultConfigurationName = Release;
		};
		542DA421258358B100E033E1 /* Build configuration list for PBXNativeTarget "GitHubSerachList" */ = {
			isa = XCConfigurationList;
			buildConfigurations = (
				542DA422258358B100E033E1 /* Debug */,
				542DA423258358B100E033E1 /* Release */,
			);
			defaultConfigurationIsVisible = 0;
			defaultConfigurationName = Release;
		};
/* End XCConfigurationList section */
	};
	rootObject = 542DA405258358B000E033E1 /* Project object */;
}
